
Microsoft Visual Studio Solution File, Format Version 12.00
# Visual Studio Version 16
VisualStudioVersion = 16.0.30320.27
MinimumVisualStudioVersion = 10.0.40219.1
Project("{FAE04EC0-301F-11D3-BF4B-00C04F79EFBC}") = "RogueTechPerfFixes", "CustomComponentPerfFix\RogueTechPerfFixes.csproj", "{382C05D7-3BCE-4E9D-B3D2-8AA85C66871E}"
EndProject
Project("{FAE04EC0-301F-11D3-BF4B-00C04F79EFBC}") = "QuickStart", "QuickStart\QuickStart.csproj", "{14D50CAC-3C0D-4036-8FF3-8EB814C2099B}"
EndProject
Global
	GlobalSection(SolutionConfigurationPlatforms) = preSolution
		Debug|Any CPU = Debug|Any CPU
		Release|Any CPU = Release|Any CPU
	EndGlobalSection
	GlobalSection(ProjectConfigurationPlatforms) = postSolution
		{382C05D7-3BCE-4E9D-B3D2-8AA85C66871E}.Debug|Any CPU.ActiveCfg = Debug|Any CPU
		{382C05D7-3BCE-4E9D-B3D2-8AA85C66871E}.Debug|Any CPU.Build.0 = Debug|Any CPU
		{382C05D7-3BCE-4E9D-B3D2-8AA85C66871E}.Release|Any CPU.ActiveCfg = Release|Any CPU
		{382C05D7-3BCE-4E9D-B3D2-8AA85C66871E}.Release|Any CPU.Build.0 = Release|Any CPU
		{14D50CAC-3C0D-4036-8FF3-8EB814C2099B}.Debug|Any CPU.ActiveCfg = Debug|Any CPU
		{14D50CAC-3C0D-4036-8FF3-8EB814C2099B}.Debug|Any CPU.Build.0 = Debug|Any CPU
		{14D50CAC-3C0D-4036-8FF3-8EB814C2099B}.Release|Any CPU.ActiveCfg = Release|Any CPU
		{14D50CAC-3C0D-4036-8FF3-8EB814C2099B}.Release|Any CPU.Build.0 = Release|Any CPU
	EndGlobalSection
	GlobalSection(SolutionProperties) = preSolution
		HideSolutionNode = FALSE
	EndGlobalSection
	GlobalSection(ExtensibilityGlobals) = postSolution
		SolutionGuid = {5D399B20-1F98-427A-A668-C0CD86718789}
	EndGlobalSection
EndGlobal
